
Microsoft Visual Studio Solution File, Format Version 12.00
# Visual Studio Version 17
VisualStudioVersion = 17.7.34024.191
MinimumVisualStudioVersion = 10.0.40219.1
Project("{FAE04EC0-301F-11D3-BF4B-00C04F79EFBC}") = "Kalkulator", "Kalkulator\Kalkulator.csproj", "{74B28358-53D7-4FC9-84DC-FFE4829534BF}"
EndProject
Project("{FAE04EC0-301F-11D3-BF4B-00C04F79EFBC}") = "KalkulatorTests", "KalkulatorTests\KalkulatorTests.csproj", "{8B95FD3C-B83F-4D2C-959F-5F9F476C5F93}"
EndProject
Global
	GlobalSection(SolutionConfigurationPlatforms) = preSolution
		Debug|Any CPU = Debug|Any CPU
		Release|Any CPU = Release|Any CPU
	EndGlobalSection
	GlobalSection(ProjectConfigurationPlatforms) = postSolution
		{74B28358-53D7-4FC9-84DC-FFE4829534BF}.Debug|Any CPU.ActiveCfg = Debug|Any CPU
		{74B28358-53D7-4FC9-84DC-FFE4829534BF}.Debug|Any CPU.Build.0 = Debug|Any CPU
		{74B28358-53D7-4FC9-84DC-FFE4829534BF}.Release|Any CPU.ActiveCfg = Release|Any CPU
		{74B28358-53D7-4FC9-84DC-FFE4829534BF}.Release|Any CPU.Build.0 = Release|Any CPU
		{8B95FD3C-B83F-4D2C-959F-5F9F476C5F93}.Debug|Any CPU.ActiveCfg = Debug|Any CPU
		{8B95FD3C-B83F-4D2C-959F-5F9F476C5F93}.Debug|Any CPU.Build.0 = Debug|Any CPU
		{8B95FD3C-B83F-4D2C-959F-5F9F476C5F93}.Release|Any CPU.ActiveCfg = Release|Any CPU
		{8B95FD3C-B83F-4D2C-959F-5F9F476C5F93}.Release|Any CPU.Build.0 = Release|Any CPU
	EndGlobalSection
	GlobalSection(SolutionProperties) = preSolution
		HideSolutionNode = FALSE
	EndGlobalSection
	GlobalSection(ExtensibilityGlobals) = postSolution
		SolutionGuid = {81B2FA31-6354-4DA1-9EE6-982B69F9ED2B}
	EndGlobalSection
EndGlobal
